
Microsoft Visual Studio Solution File, Format Version 12.00
# Visual Studio Version 17
VisualStudioVersion = 17.14.36414.22 d17.14
MinimumVisualStudioVersion = 10.0.40219.1
Project("{FAE04EC0-301F-11D3-BF4B-00C04F79EFBC}") = "AuthAPI", "AuthAPI\AuthAPI.csproj", "{931EFFE6-F1B8-4A5B-8148-1F05122081AB}"
EndProject
Global
	GlobalSection(SolutionConfigurationPlatforms) = preSolution
		Debug|Any CPU = Debug|Any CPU
		Release|Any CPU = Release|Any CPU
	EndGlobalSection
	GlobalSection(ProjectConfigurationPlatforms) = postSolution
		{931EFFE6-F1B8-4A5B-8148-1F05122081AB}.Debug|Any CPU.ActiveCfg = Debug|Any CPU
		{931EFFE6-F1B8-4A5B-8148-1F05122081AB}.Debug|Any CPU.Build.0 = Debug|Any CPU
		{931EFFE6-F1B8-4A5B-8148-1F05122081AB}.Release|Any CPU.ActiveCfg = Release|Any CPU
		{931EFFE6-F1B8-4A5B-8148-1F05122081AB}.Release|Any CPU.Build.0 = Release|Any CPU
	EndGlobalSection
	GlobalSection(SolutionProperties) = preSolution
		HideSolutionNode = FALSE
	EndGlobalSection
	GlobalSection(ExtensibilityGlobals) = postSolution
		SolutionGuid = {C91BC1D8-FDB1-463D-A15D-CD4E86C9DF79}
	EndGlobalSection
EndGlobal
